
Microsoft Visual Studio Solution File, Format Version 12.00
# Visual Studio 14
VisualStudioVersion = 14.0.25420.1
MinimumVisualStudioVersion = 10.0.40219.1
Project("{FAE04EC0-301F-11D3-BF4B-00C04F79EFBC}") = "MarsRover", "MarsRover\MarsRover.csproj", "{97D9B629-6B2A-4905-9A02-2E6C23C6BE9E}"
EndProject
Project("{FAE04EC0-301F-11D3-BF4B-00C04F79EFBC}") = "MarsRoverTests", "MarsRoverTests\MarsRoverTests.csproj", "{1662F34B-88EF-4C22-9C71-F5C500722937}"
EndProject
Global
	GlobalSection(SolutionConfigurationPlatforms) = preSolution
		Debug|Any CPU = Debug|Any CPU
		Release|Any CPU = Release|Any CPU
	EndGlobalSection
	GlobalSection(ProjectConfigurationPlatforms) = postSolution
		{97D9B629-6B2A-4905-9A02-2E6C23C6BE9E}.Debug|Any CPU.ActiveCfg = Debug|Any CPU
		{97D9B629-6B2A-4905-9A02-2E6C23C6BE9E}.Debug|Any CPU.Build.0 = Debug|Any CPU
		{97D9B629-6B2A-4905-9A02-2E6C23C6BE9E}.Release|Any CPU.ActiveCfg = Release|Any CPU
		{97D9B629-6B2A-4905-9A02-2E6C23C6BE9E}.Release|Any CPU.Build.0 = Release|Any CPU
		{1662F34B-88EF-4C22-9C71-F5C500722937}.Debug|Any CPU.ActiveCfg = Debug|Any CPU
		{1662F34B-88EF-4C22-9C71-F5C500722937}.Debug|Any CPU.Build.0 = Debug|Any CPU
		{1662F34B-88EF-4C22-9C71-F5C500722937}.Release|Any CPU.ActiveCfg = Release|Any CPU
		{1662F34B-88EF-4C22-9C71-F5C500722937}.Release|Any CPU.Build.0 = Release|Any CPU
	EndGlobalSection
	GlobalSection(SolutionProperties) = preSolution
		HideSolutionNode = FALSE
	EndGlobalSection
EndGlobal
